// !$*UTF8*$!
{
	archiveVersion = 1;
	classes = {
	};
	objectVersion = 60;
	objects = {

/* Begin PBXBuildFile section */
		BF0001000000000000000000 /* BaseChatDemoApp.swift in Sources */ = {isa = PBXBuildFile; fileRef = F10001000000000000000000 /* BaseChatDemoApp.swift */; };
		BF0002000000000000000000 /* DemoContentView.swift in Sources */ = {isa = PBXBuildFile; fileRef = F10002000000000000000000 /* DemoContentView.swift */; };
		BF0003000000000000000000 /* BaseChatCore in Frameworks */ = {isa = PBXBuildFile; productRef = F30001000000000000000000 /* BaseChatCore */; };
		BF0004000000000000000000 /* BaseChatUI in Frameworks */ = {isa = PBXBuildFile; productRef = F30002000000000000000000 /* BaseChatUI */; };
		BF0005000000000000000000 /* BaseChatBackends in Frameworks */ = {isa = PBXBuildFile; productRef = F30003000000000000000000 /* BaseChatBackends */; };
		BF0006000000000000000000 /* BaseChatTools in Frameworks */ = {isa = PBXBuildFile; productRef = F30004000000000000000000 /* BaseChatTools */; };
		BF0007000000000000000000 /* DemoTools.swift in Sources */ = {isa = PBXBuildFile; fileRef = F10004000000000000000000 /* DemoTools.swift */; };
		BF1001000000000000000000 /* ModelManagementUITests.swift in Sources */ = {isa = PBXBuildFile; fileRef = F11001000000000000000000 /* ModelManagementUITests.swift */; };
		BF1002000000000000000000 /* UITestHelpers.swift in Sources */ = {isa = PBXBuildFile; fileRef = F11003000000000000000000 /* UITestHelpers.swift */; };
		BF1003000000000000000000 /* ChatFlowUITests.swift in Sources */ = {isa = PBXBuildFile; fileRef = F11004000000000000000000 /* ChatFlowUITests.swift */; };
		BF1004000000000000000000 /* SessionManagementUITests.swift in Sources */ = {isa = PBXBuildFile; fileRef = F11005000000000000000000 /* SessionManagementUITests.swift */; };
		BF1005000000000000000000 /* SettingsUITests.swift in Sources */ = {isa = PBXBuildFile; fileRef = F11006000000000000000000 /* SettingsUITests.swift */; };
		BF1006000000000000000000 /* CloudAPIUITests.swift in Sources */ = {isa = PBXBuildFile; fileRef = F11007000000000000000000 /* CloudAPIUITests.swift */; };
/* End PBXBuildFile section */

/* Begin PBXContainerItemProxy section */
		C21001000000000000000000 /* PBXContainerItemProxy */ = {
			isa = PBXContainerItemProxy;
			containerPortal = D10001000000000000000000 /* Project object */;
			proxyType = 1;
			remoteGlobalIDString = C10001000000000000000000;
			remoteInfo = BaseChatDemo;
		};
/* End PBXContainerItemProxy section */

/* Begin PBXFileReference section */
		F10001000000000000000000 /* BaseChatDemoApp.swift */ = {isa = PBXFileReference; lastKnownFileType = sourcecode.swift; path = BaseChatDemoApp.swift; sourceTree = "<group>"; };
		F10002000000000000000000 /* DemoContentView.swift */ = {isa = PBXFileReference; lastKnownFileType = sourcecode.swift; path = DemoContentView.swift; sourceTree = "<group>"; };
		F10004000000000000000000 /* DemoTools.swift */ = {isa = PBXFileReference; lastKnownFileType = sourcecode.swift; path = DemoTools.swift; sourceTree = "<group>"; };
		F10003000000000000000000 /* BaseChatDemo.app */ = {isa = PBXFileReference; explicitFileType = wrapper.application; includeInIndex = 0; path = BaseChatDemo.app; sourceTree = BUILT_PRODUCTS_DIR; };
		F11001000000000000000000 /* ModelManagementUITests.swift */ = {isa = PBXFileReference; lastKnownFileType = sourcecode.swift; path = ModelManagementUITests.swift; sourceTree = "<group>"; };
		F11002000000000000000000 /* BaseChatDemoUITests.xctest */ = {isa = PBXFileReference; explicitFileType = wrapper.cfbundle; includeInIndex = 0; path = BaseChatDemoUITests.xctest; sourceTree = BUILT_PRODUCTS_DIR; };
		F11003000000000000000000 /* UITestHelpers.swift */ = {isa = PBXFileReference; lastKnownFileType = sourcecode.swift; path = UITestHelpers.swift; sourceTree = "<group>"; };
		F11004000000000000000000 /* ChatFlowUITests.swift */ = {isa = PBXFileReference; lastKnownFileType = sourcecode.swift; path = ChatFlowUITests.swift; sourceTree = "<group>"; };
		F11005000000000000000000 /* SessionManagementUITests.swift */ = {isa = PBXFileReference; lastKnownFileType = sourcecode.swift; path = SessionManagementUITests.swift; sourceTree = "<group>"; };
		F11006000000000000000000 /* SettingsUITests.swift */ = {isa = PBXFileReference; lastKnownFileType = sourcecode.swift; path = SettingsUITests.swift; sourceTree = "<group>"; };
		F11007000000000000000000 /* CloudAPIUITests.swift */ = {isa = PBXFileReference; lastKnownFileType = sourcecode.swift; path = CloudAPIUITests.swift; sourceTree = "<group>"; };
/* End PBXFileReference section */

/* Begin PBXFrameworksBuildPhase section */
		B10002000000000000000000 /* Frameworks */ = {
			isa = PBXFrameworksBuildPhase;
			buildActionMask = 2147483647;
			files = (
				BF0003000000000000000000 /* BaseChatCore in Frameworks */,
				BF0004000000000000000000 /* BaseChatUI in Frameworks */,
				BF0005000000000000000000 /* BaseChatBackends in Frameworks */,
				BF0006000000000000000000 /* BaseChatTools in Frameworks */,
			);
			runOnlyForDeploymentPostprocessing = 0;
		};
		B11002000000000000000000 /* Frameworks */ = {
			isa = PBXFrameworksBuildPhase;
			buildActionMask = 2147483647;
			files = (
			);
			runOnlyForDeploymentPostprocessing = 0;
		};
/* End PBXFrameworksBuildPhase section */

/* Begin PBXGroup section */
		A00001000000000000000000 = {
			isa = PBXGroup;
			children = (
				A00002000000000000000000 /* BaseChatDemo */,
				A01001000000000000000000 /* BaseChatDemoUITests */,
				A00003000000000000000000 /* Products */,
				A00004000000000000000000 /* Frameworks */,
			);
			sourceTree = "<group>";
		};
		A00002000000000000000000 /* BaseChatDemo */ = {
			isa = PBXGroup;
			children = (
				F10001000000000000000000 /* BaseChatDemoApp.swift */,
				F10002000000000000000000 /* DemoContentView.swift */,
				F10004000000000000000000 /* DemoTools.swift */,
			);
			path = BaseChatDemo;
			sourceTree = "<group>";
		};
		A00003000000000000000000 /* Products */ = {
			isa = PBXGroup;
			children = (
				F10003000000000000000000 /* BaseChatDemo.app */,
				F11002000000000000000000 /* BaseChatDemoUITests.xctest */,
			);
			name = Products;
			sourceTree = "<group>";
		};
		A00004000000000000000000 /* Frameworks */ = {
			isa = PBXGroup;
			children = (
			);
			name = Frameworks;
			sourceTree = "<group>";
		};
		A01001000000000000000000 /* BaseChatDemoUITests */ = {
			isa = PBXGroup;
			children = (
				F11003000000000000000000 /* UITestHelpers.swift */,
				F11001000000000000000000 /* ModelManagementUITests.swift */,
				F11004000000000000000000 /* ChatFlowUITests.swift */,
				F11005000000000000000000 /* SessionManagementUITests.swift */,
				F11006000000000000000000 /* SettingsUITests.swift */,
				F11007000000000000000000 /* CloudAPIUITests.swift */,
			);
			path = BaseChatDemoUITests;
			sourceTree = "<group>";
		};
/* End PBXGroup section */

/* Begin PBXNativeTarget section */
		C10001000000000000000000 /* BaseChatDemo */ = {
			isa = PBXNativeTarget;
			buildConfigurationList = E20002000000000000000000 /* Build configuration list for PBXNativeTarget "BaseChatDemo" */;
			buildPhases = (
				B10001000000000000000000 /* Sources */,
				B10002000000000000000000 /* Frameworks */,
			);
			buildRules = (
			);
			dependencies = (
			);
			name = BaseChatDemo;
			packageProductDependencies = (
				F30001000000000000000000 /* BaseChatCore */,
				F30002000000000000000000 /* BaseChatUI */,
				F30003000000000000000000 /* BaseChatBackends */,
				F30004000000000000000000 /* BaseChatTools */,
			);
			productName = BaseChatDemo;
			productReference = F10003000000000000000000 /* BaseChatDemo.app */;
			productType = "com.apple.product-type.application";
		};
		C11001000000000000000000 /* BaseChatDemoUITests */ = {
			isa = PBXNativeTarget;
			buildConfigurationList = E21001000000000000000000 /* Build configuration list for PBXNativeTarget "BaseChatDemoUITests" */;
			buildPhases = (
				B11001000000000000000000 /* Sources */,
				B11002000000000000000000 /* Frameworks */,
			);
			buildRules = (
			);
			dependencies = (
				D21001000000000000000000 /* PBXTargetDependency */,
			);
			name = BaseChatDemoUITests;
			productName = BaseChatDemoUITests;
			productReference = F11002000000000000000000 /* BaseChatDemoUITests.xctest */;
			productType = "com.apple.product-type.bundle.ui-testing";
		};
/* End PBXNativeTarget section */

/* Begin PBXProject section */
		D10001000000000000000000 /* Project object */ = {
			isa = PBXProject;
			attributes = {
				BuildIndependentTargetsInParallel = 1;
				LastSwiftUpdateCheck = 1500;
				LastUpgradeCheck = 2640;
			};
			buildConfigurationList = E20001000000000000000000 /* Build configuration list for PBXProject "BaseChatDemo" */;
			compatibilityVersion = "Xcode 14.0";
			developmentRegion = en;
			hasScannedForEncodings = 0;
			knownRegions = (
				en,
				Base,
			);
			mainGroup = A00001000000000000000000;
			packageReferences = (
				F20001000000000000000000 /* XCLocalSwiftPackageReference ".." */,
			);
			productRefGroup = A00003000000000000000000 /* Products */;
			projectDirPath = "";
			projectRoot = "";
			targets = (
				C10001000000000000000000 /* BaseChatDemo */,
				C11001000000000000000000 /* BaseChatDemoUITests */,
			);
		};
/* End PBXProject section */

/* Begin PBXSourcesBuildPhase section */
		B10001000000000000000000 /* Sources */ = {
			isa = PBXSourcesBuildPhase;
			buildActionMask = 2147483647;
			files = (
				BF0001000000000000000000 /* BaseChatDemoApp.swift in Sources */,
				BF0002000000000000000000 /* DemoContentView.swift in Sources */,
				BF0007000000000000000000 /* DemoTools.swift in Sources */,
			);
			runOnlyForDeploymentPostprocessing = 0;
		};
		B11001000000000000000000 /* Sources */ = {
			isa = PBXSourcesBuildPhase;
			buildActionMask = 2147483647;
			files = (
				BF1001000000000000000000 /* ModelManagementUITests.swift in Sources */,
				BF1002000000000000000000 /* UITestHelpers.swift in Sources */,
				BF1003000000000000000000 /* ChatFlowUITests.swift in Sources */,
				BF1004000000000000000000 /* SessionManagementUITests.swift in Sources */,
				BF1005000000000000000000 /* SettingsUITests.swift in Sources */,
				BF1006000000000000000000 /* CloudAPIUITests.swift in Sources */,
			);
			runOnlyForDeploymentPostprocessing = 0;
		};
/* End PBXSourcesBuildPhase section */

/* Begin PBXTargetDependency section */
		D21001000000000000000000 /* PBXTargetDependency */ = {
			isa = PBXTargetDependency;
			target = C10001000000000000000000 /* BaseChatDemo */;
			targetProxy = C21001000000000000000000 /* PBXContainerItemProxy */;
		};
/* End PBXTargetDependency section */

/* Begin XCBuildConfiguration section */
		E10001000000000000000000 /* Debug */ = {
			isa = XCBuildConfiguration;
			buildSettings = {
				ALWAYS_SEARCH_USER_PATHS = NO;
				CLANG_ANALYZER_NONNULL = YES;
				CLANG_ANALYZER_NUMBER_OBJECT_CONVERSION = YES_AGGRESSIVE;
				CLANG_CXX_LANGUAGE_STANDARD = "gnu++20";
				CLANG_ENABLE_MODULES = YES;
				CLANG_ENABLE_OBJC_ARC = YES;
				CLANG_ENABLE_OBJC_WEAK = YES;
				CLANG_WARN_BLOCK_CAPTURE_AUTORELEASING = YES;
				CLANG_WARN_BOOL_CONVERSION = YES;
				CLANG_WARN_COMMA = YES;
				CLANG_WARN_CONSTANT_CONVERSION = YES;
				CLANG_WARN_DEPRECATED_OBJC_IMPLEMENTATIONS = YES;
				CLANG_WARN_DIRECT_OBJC_ISA_USAGE = YES_ERROR;
				CLANG_WARN_DOCUMENTATION_COMMENTS = YES;
				CLANG_WARN_EMPTY_BODY = YES;
				CLANG_WARN_ENUM_CONVERSION = YES;
				CLANG_WARN_INFINITE_RECURSION = YES;
				CLANG_WARN_INT_CONVERSION = YES;
				CLANG_WARN_NON_LITERAL_NULL_CONVERSION = YES;
				CLANG_WARN_OBJC_IMPLICIT_RETAIN_SELF = YES;
				CLANG_WARN_OBJC_LITERAL_CONVERSION = YES;
				CLANG_WARN_OBJC_ROOT_CLASS = YES_ERROR;
				CLANG_WARN_QUOTED_INCLUDE_IN_FRAMEWORK_HEADER = YES;
				CLANG_WARN_RANGE_LOOP_ANALYSIS = YES;
				CLANG_WARN_STRICT_PROTOTYPES = YES;
				CLANG_WARN_SUSPICIOUS_MOVE = YES;
				CLANG_WARN_UNGUARDED_AVAILABILITY = YES_AGGRESSIVE;
				CLANG_WARN_UNREACHABLE_CODE = YES;
				CLANG_WARN__DUPLICATE_METHOD_MATCH = YES;
				COPY_PHASE_STRIP = NO;
				DEAD_CODE_STRIPPING = YES;
				DEBUG_INFORMATION_FORMAT = dwarf;
				DEVELOPMENT_TEAM = YHX2HHZ52Y;
				ENABLE_STRICT_OBJC_MSGSEND = YES;
				ENABLE_TESTABILITY = YES;
				ENABLE_USER_SCRIPT_SANDBOXING = YES;
				GCC_C_LANGUAGE_STANDARD = gnu17;
				GCC_DYNAMIC_NO_PIC = NO;
				GCC_NO_COMMON_BLOCKS = YES;
				GCC_OPTIMIZATION_LEVEL = 0;
				GCC_PREPROCESSOR_DEFINITIONS = (
					"DEBUG=1",
					"$(inherited)",
				);
				GCC_WARN_64_TO_32_BIT_CONVERSION = YES;
				GCC_WARN_ABOUT_RETURN_TYPE = YES_ERROR;
				GCC_WARN_UNDECLARED_SELECTOR = YES;
				GCC_WARN_UNINITIALIZED_AUTOS = YES_AGGRESSIVE;
				GCC_WARN_UNUSED_FUNCTION = YES;
				GCC_WARN_UNUSED_VARIABLE = YES;
				MTL_ENABLE_DEBUG_INFO = INCLUDE_SOURCE;
				MTL_FAST_MATH = YES;
				ONLY_ACTIVE_ARCH = YES;
				STRING_CATALOG_GENERATE_SYMBOLS = YES;
				SWIFT_ACTIVE_COMPILATION_CONDITIONS = "DEBUG $(inherited)";
				SWIFT_OPTIMIZATION_LEVEL = "-Onone";
			};
			name = Debug;
		};
		E10002000000000000000000 /* Release */ = {
			isa = XCBuildConfiguration;
			buildSettings = {
				ALWAYS_SEARCH_USER_PATHS = NO;
				CLANG_ANALYZER_NONNULL = YES;
				CLANG_ANALYZER_NUMBER_OBJECT_CONVERSION = YES_AGGRESSIVE;
				CLANG_CXX_LANGUAGE_STANDARD = "gnu++20";
				CLANG_ENABLE_MODULES = YES;
				CLANG_ENABLE_OBJC_ARC = YES;
				CLANG_ENABLE_OBJC_WEAK = YES;
				CLANG_WARN_BLOCK_CAPTURE_AUTORELEASING = YES;
				CLANG_WARN_BOOL_CONVERSION = YES;
				CLANG_WARN_COMMA = YES;
				CLANG_WARN_CONSTANT_CONVERSION = YES;
				CLANG_WARN_DEPRECATED_OBJC_IMPLEMENTATIONS = YES;
				CLANG_WARN_DIRECT_OBJC_ISA_USAGE = YES_ERROR;
				CLANG_WARN_DOCUMENTATION_COMMENTS = YES;
				CLANG_WARN_EMPTY_BODY = YES;
				CLANG_WARN_ENUM_CONVERSION = YES;
				CLANG_WARN_INFINITE_RECURSION = YES;
				CLANG_WARN_INT_CONVERSION = YES;
				CLANG_WARN_NON_LITERAL_NULL_CONVERSION = YES;
				CLANG_WARN_OBJC_IMPLICIT_RETAIN_SELF = YES;
				CLANG_WARN_OBJC_LITERAL_CONVERSION = YES;
				CLANG_WARN_OBJC_ROOT_CLASS = YES_ERROR;
				CLANG_WARN_QUOTED_INCLUDE_IN_FRAMEWORK_HEADER = YES;
				CLANG_WARN_RANGE_LOOP_ANALYSIS = YES;
				CLANG_WARN_STRICT_PROTOTYPES = YES;
				CLANG_WARN_SUSPICIOUS_MOVE = YES;
				CLANG_WARN_UNGUARDED_AVAILABILITY = YES_AGGRESSIVE;
				CLANG_WARN_UNREACHABLE_CODE = YES;
				CLANG_WARN__DUPLICATE_METHOD_MATCH = YES;
				COPY_PHASE_STRIP = NO;
				DEAD_CODE_STRIPPING = YES;
				DEBUG_INFORMATION_FORMAT = "dwarf-with-dsym";
				DEVELOPMENT_TEAM = YHX2HHZ52Y;
				ENABLE_NS_ASSERTIONS = NO;
				ENABLE_STRICT_OBJC_MSGSEND = YES;
				ENABLE_USER_SCRIPT_SANDBOXING = YES;
				GCC_C_LANGUAGE_STANDARD = gnu17;
				GCC_NO_COMMON_BLOCKS = YES;
				GCC_WARN_64_TO_32_BIT_CONVERSION = YES;
				GCC_WARN_ABOUT_RETURN_TYPE = YES_ERROR;
				GCC_WARN_UNDECLARED_SELECTOR = YES;
				GCC_WARN_UNINITIALIZED_AUTOS = YES_AGGRESSIVE;
				GCC_WARN_UNUSED_FUNCTION = YES;
				GCC_WARN_UNUSED_VARIABLE = YES;
				MTL_ENABLE_DEBUG_INFO = NO;
				MTL_FAST_MATH = YES;
				STRING_CATALOG_GENERATE_SYMBOLS = YES;
				SWIFT_COMPILATION_MODE = wholemodule;
			};
			name = Release;
		};
		E10003000000000000000000 /* Debug */ = {
			isa = XCBuildConfiguration;
			buildSettings = {
				ASSETCATALOG_COMPILER_APPICON_NAME = AppIcon;
				ASSETCATALOG_COMPILER_GLOBAL_ACCENT_COLOR_NAME = AccentColor;
				CODE_SIGN_STYLE = Automatic;
				CURRENT_PROJECT_VERSION = 1;
				DEAD_CODE_STRIPPING = YES;
				ENABLE_PREVIEWS = YES;
				GENERATE_INFOPLIST_FILE = YES;
				INFOPLIST_KEY_UIApplicationSceneManifest_Generation = YES;
				INFOPLIST_KEY_UIApplicationSupportsIndirectInputEvents = YES;
				INFOPLIST_KEY_UILaunchScreen_Generation = YES;
				INFOPLIST_KEY_UISupportedInterfaceOrientations_iPad = "UIInterfaceOrientationPortrait UIInterfaceOrientationPortraitUpsideDown UIInterfaceOrientationLandscapeLeft UIInterfaceOrientationLandscapeRight";
				INFOPLIST_KEY_UISupportedInterfaceOrientations_iPhone = "UIInterfaceOrientationPortrait UIInterfaceOrientationLandscapeLeft UIInterfaceOrientationLandscapeRight";
				IPHONEOS_DEPLOYMENT_TARGET = 18.0;
				LD_RUNPATH_SEARCH_PATHS = (
					"$(inherited)",
					"@executable_path/Frameworks",
					"@executable_path/../Frameworks",
				);
				MACOSX_DEPLOYMENT_TARGET = 15.0;
				MARKETING_VERSION = 1.0;
				PRODUCT_BUNDLE_IDENTIFIER = com.basechatkit.demo;
				PRODUCT_NAME = "$(TARGET_NAME)";
				SDKROOT = auto;
				SUPPORTED_PLATFORMS = "iphoneos iphonesimulator macosx";
				SWIFT_EMIT_LOC_STRINGS = YES;
				SWIFT_VERSION = 5.0;
				TARGETED_DEVICE_FAMILY = "1,2";
			};
			name = Debug;
		};
		E10004000000000000000000 /* Release */ = {
			isa = XCBuildConfiguration;
			buildSettings = {
				ASSETCATALOG_COMPILER_APPICON_NAME = AppIcon;
				ASSETCATALOG_COMPILER_GLOBAL_ACCENT_COLOR_NAME = AccentColor;
				CODE_SIGN_STYLE = Automatic;
				CURRENT_PROJECT_VERSION = 1;
				DEAD_CODE_STRIPPING = YES;
				ENABLE_PREVIEWS = YES;
				GENERATE_INFOPLIST_FILE = YES;
				INFOPLIST_KEY_UIApplicationSceneManifest_Generation = YES;
				INFOPLIST_KEY_UIApplicationSupportsIndirectInputEvents = YES;
				INFOPLIST_KEY_UILaunchScreen_Generation = YES;
				INFOPLIST_KEY_UISupportedInterfaceOrientations_iPad = "UIInterfaceOrientationPortrait UIInterfaceOrientationPortraitUpsideDown UIInterfaceOrientationLandscapeLeft UIInterfaceOrientationLandscapeRight";
				INFOPLIST_KEY_UISupportedInterfaceOrientations_iPhone = "UIInterfaceOrientationPortrait UIInterfaceOrientationLandscapeLeft UIInterfaceOrientationLandscapeRight";
				IPHONEOS_DEPLOYMENT_TARGET = 18.0;
				LD_RUNPATH_SEARCH_PATHS = (
					"$(inherited)",
					"@executable_path/Frameworks",
					"@executable_path/../Frameworks",
				);
				MACOSX_DEPLOYMENT_TARGET = 15.0;
				MARKETING_VERSION = 1.0;
				PRODUCT_BUNDLE_IDENTIFIER = com.basechatkit.demo;
				PRODUCT_NAME = "$(TARGET_NAME)";
				SDKROOT = auto;
				SUPPORTED_PLATFORMS = "iphoneos iphonesimulator macosx";
				SWIFT_EMIT_LOC_STRINGS = YES;
				SWIFT_VERSION = 5.0;
				TARGETED_DEVICE_FAMILY = "1,2";
			};
			name = Release;
		};
		E11001000000000000000000 /* Debug */ = {
			isa = XCBuildConfiguration;
			buildSettings = {
				CODE_SIGN_STYLE = Automatic;
				CURRENT_PROJECT_VERSION = 1;
				DEAD_CODE_STRIPPING = YES;
				GENERATE_INFOPLIST_FILE = YES;
				IPHONEOS_DEPLOYMENT_TARGET = 18.0;
				MACOSX_DEPLOYMENT_TARGET = 15.0;
				MARKETING_VERSION = 1.0;
				PRODUCT_BUNDLE_IDENTIFIER = com.basechatkit.demo.uitests;
				PRODUCT_NAME = "$(TARGET_NAME)";
				SDKROOT = auto;
				SUPPORTED_PLATFORMS = "iphoneos iphonesimulator macosx";
				SWIFT_EMIT_LOC_STRINGS = NO;
				SWIFT_VERSION = 5.0;
				TARGETED_DEVICE_FAMILY = "1,2";
				TEST_TARGET_NAME = BaseChatDemo;
			};
			name = Debug;
		};
		E11002000000000000000000 /* Release */ = {
			isa = XCBuildConfiguration;
			buildSettings = {
				CODE_SIGN_STYLE = Automatic;
				CURRENT_PROJECT_VERSION = 1;
				DEAD_CODE_STRIPPING = YES;
				GENERATE_INFOPLIST_FILE = YES;
				IPHONEOS_DEPLOYMENT_TARGET = 18.0;
				MACOSX_DEPLOYMENT_TARGET = 15.0;
				MARKETING_VERSION = 1.0;
				PRODUCT_BUNDLE_IDENTIFIER = com.basechatkit.demo.uitests;
				PRODUCT_NAME = "$(TARGET_NAME)";
				SDKROOT = auto;
				SUPPORTED_PLATFORMS = "iphoneos iphonesimulator macosx";
				SWIFT_EMIT_LOC_STRINGS = NO;
				SWIFT_VERSION = 5.0;
				TARGETED_DEVICE_FAMILY = "1,2";
				TEST_TARGET_NAME = BaseChatDemo;
			};
			name = Release;
		};
/* End XCBuildConfiguration section */

/* Begin XCConfigurationList section */
		E20001000000000000000000 /* Build configuration list for PBXProject "BaseChatDemo" */ = {
			isa = XCConfigurationList;
			buildConfigurations = (
				E10001000000000000000000 /* Debug */,
				E10002000000000000000000 /* Release */,
			);
			defaultConfigurationIsVisible = 0;
			defaultConfigurationName = Release;
		};
		E20002000000000000000000 /* Build configuration list for PBXNativeTarget "BaseChatDemo" */ = {
			isa = XCConfigurationList;
			buildConfigurations = (
				E10003000000000000000000 /* Debug */,
				E10004000000000000000000 /* Release */,
			);
			defaultConfigurationIsVisible = 0;
			defaultConfigurationName = Release;
		};
		E21001000000000000000000 /* Build configuration list for PBXNativeTarget "BaseChatDemoUITests" */ = {
			isa = XCConfigurationList;
			buildConfigurations = (
				E11001000000000000000000 /* Debug */,
				E11002000000000000000000 /* Release */,
			);
			defaultConfigurationIsVisible = 0;
			defaultConfigurationName = Release;
		};
/* End XCConfigurationList section */

/* Begin XCLocalSwiftPackageReference section */
		F20001000000000000000000 /* XCLocalSwiftPackageReference ".." */ = {
			isa = XCLocalSwiftPackageReference;
			relativePath = ..;
		};
/* End XCLocalSwiftPackageReference section */

/* Begin XCSwiftPackageProductDependency section */
		F30001000000000000000000 /* BaseChatCore */ = {
			isa = XCSwiftPackageProductDependency;
			package = F20001000000000000000000 /* XCLocalSwiftPackageReference ".." */;
			productName = BaseChatCore;
		};
		F30002000000000000000000 /* BaseChatUI */ = {
			isa = XCSwiftPackageProductDependency;
			package = F20001000000000000000000 /* XCLocalSwiftPackageReference ".." */;
			productName = BaseChatUI;
		};
		F30003000000000000000000 /* BaseChatBackends */ = {
			isa = XCSwiftPackageProductDependency;
			package = F20001000000000000000000 /* XCLocalSwiftPackageReference ".." */;
			productName = BaseChatBackends;
		};
		F30004000000000000000000 /* BaseChatTools */ = {
			isa = XCSwiftPackageProductDependency;
			package = F20001000000000000000000 /* XCLocalSwiftPackageReference ".." */;
			productName = BaseChatTools;
		};
/* End XCSwiftPackageProductDependency section */
	};
	rootObject = D10001000000000000000000 /* Project object */;
}
